
Microsoft Visual Studio Solution File, Format Version 12.00
# Visual Studio Version 16
VisualStudioVersion = 16.0.30907.101
MinimumVisualStudioVersion = 10.0.40219.1
Project("{FAE04EC0-301F-11D3-BF4B-00C04F79EFBC}") = "DataAccess", "DataAccess\DataAccess.csproj", "{76142049-3AAF-48B2-85C9-015685FBAD3D}"
EndProject
Project("{FAE04EC0-301F-11D3-BF4B-00C04F79EFBC}") = "Business", "Business\Business.csproj", "{9B50A2FB-49D6-408D-9717-791F8FE1D66A}"
EndProject
Project("{FAE04EC0-301F-11D3-BF4B-00C04F79EFBC}") = "Entities", "Entities\Entities.csproj", "{8AEEACB7-E678-4EF3-82D9-80BFD585F3D4}"
EndProject
Project("{FAE04EC0-301F-11D3-BF4B-00C04F79EFBC}") = "ConsoleUI", "ConsoleUI\ConsoleUI.csproj", "{C9DAE00F-7C68-4E5E-8E9A-07E72E59B38B}"
EndProject
Global
	GlobalSection(SolutionConfigurationPlatforms) = preSolution
		Debug|Any CPU = Debug|Any CPU
		Release|Any CPU = Release|Any CPU
	EndGlobalSection
	GlobalSection(ProjectConfigurationPlatforms) = postSolution
		{76142049-3AAF-48B2-85C9-015685FBAD3D}.Debug|Any CPU.ActiveCfg = Debug|Any CPU
		{76142049-3AAF-48B2-85C9-015685FBAD3D}.Debug|Any CPU.Build.0 = Debug|Any CPU
		{76142049-3AAF-48B2-85C9-015685FBAD3D}.Release|Any CPU.ActiveCfg = Release|Any CPU
		{76142049-3AAF-48B2-85C9-015685FBAD3D}.Release|Any CPU.Build.0 = Release|Any CPU
		{9B50A2FB-49D6-408D-9717-791F8FE1D66A}.Debug|Any CPU.ActiveCfg = Debug|Any CPU
		{9B50A2FB-49D6-408D-9717-791F8FE1D66A}.Debug|Any CPU.Build.0 = Debug|Any CPU
		{9B50A2FB-49D6-408D-9717-791F8FE1D66A}.Release|Any CPU.ActiveCfg = Release|Any CPU
		{9B50A2FB-49D6-408D-9717-791F8FE1D66A}.Release|Any CPU.Build.0 = Release|Any CPU
		{8AEEACB7-E678-4EF3-82D9-80BFD585F3D4}.Debug|Any CPU.ActiveCfg = Debug|Any CPU
		{8AEEACB7-E678-4EF3-82D9-80BFD585F3D4}.Debug|Any CPU.Build.0 = Debug|Any CPU
		{8AEEACB7-E678-4EF3-82D9-80BFD585F3D4}.Release|Any CPU.ActiveCfg = Release|Any CPU
		{8AEEACB7-E678-4EF3-82D9-80BFD585F3D4}.Release|Any CPU.Build.0 = Release|Any CPU
		{C9DAE00F-7C68-4E5E-8E9A-07E72E59B38B}.Debug|Any CPU.ActiveCfg = Debug|Any CPU
		{C9DAE00F-7C68-4E5E-8E9A-07E72E59B38B}.Debug|Any CPU.Build.0 = Debug|Any CPU
		{C9DAE00F-7C68-4E5E-8E9A-07E72E59B38B}.Release|Any CPU.ActiveCfg = Release|Any CPU
		{C9DAE00F-7C68-4E5E-8E9A-07E72E59B38B}.Release|Any CPU.Build.0 = Release|Any CPU
	EndGlobalSection
	GlobalSection(SolutionProperties) = preSolution
		HideSolutionNode = FALSE
	EndGlobalSection
	GlobalSection(ExtensibilityGlobals) = postSolution
		SolutionGuid = {D32E481B-79AF-4DF3-8E78-51C77B4A4030}
	EndGlobalSection
EndGlobal
